
Microsoft Visual Studio Solution File, Format Version 12.00
# Visual Studio Version 17
VisualStudioVersion = 17.3.32611.2
MinimumVisualStudioVersion = 10.0.40219.1
Project("{9A19103F-16F7-4668-BE54-9A1E7A4F7556}") = "OrderXChange.Domain", "src\OrderXChange.Domain\OrderXChange.Domain.csproj", "{554AD327-6DBA-4F8F-96F8-81CE7A0C863F}"
EndProject
Project("{9A19103F-16F7-4668-BE54-9A1E7A4F7556}") = "OrderXChange.Application", "src\OrderXChange.Application\OrderXChange.Application.csproj", "{1A94A50E-06DC-43C1-80B5-B662820EC3EB}"
EndProject
Project("{9A19103F-16F7-4668-BE54-9A1E7A4F7556}") = "OrderXChange.EntityFrameworkCore", "src\OrderXChange.EntityFrameworkCore\OrderXChange.EntityFrameworkCore.csproj", "{C956DD76-69C8-4A9C-83EA-D17DF83340FD}"
EndProject
Project("{2150E333-8FDC-42A3-9474-1A3956D46DE8}") = "src", "src", "{CA9AC87F-097E-4F15-8393-4BC07735A5B0}"
EndProject
Project("{2150E333-8FDC-42A3-9474-1A3956D46DE8}") = "test", "test", "{04DBDB01-70F4-4E06-B468-8F87850B22BE}"
EndProject
Project("{9A19103F-16F7-4668-BE54-9A1E7A4F7556}") = "OrderXChange.Application.Tests", "test\OrderXChange.Application.Tests\OrderXChange.Application.Tests.csproj", "{50B2631D-129C-47B3-A587-029CCD6099BC}"
EndProject
Project("{9A19103F-16F7-4668-BE54-9A1E7A4F7556}") = "OrderXChange.Domain.Shared", "src\OrderXChange.Domain.Shared\OrderXChange.Domain.Shared.csproj", "{42F719ED-8413-4895-B5B4-5AB56079BC66}"
EndProject
Project("{9A19103F-16F7-4668-BE54-9A1E7A4F7556}") = "OrderXChange.Application.Contracts", "src\OrderXChange.Application.Contracts\OrderXChange.Application.Contracts.csproj", "{520659C8-C734-4298-A3DA-B539DB9DFC0B}"
EndProject
Project("{9A19103F-16F7-4668-BE54-9A1E7A4F7556}") = "OrderXChange.HttpApi", "src\OrderXChange.HttpApi\OrderXChange.HttpApi.csproj", "{4164BDF7-F527-4E85-9CE6-E3C2D7426A27}"
EndProject
Project("{9A19103F-16F7-4668-BE54-9A1E7A4F7556}") = "OrderXChange.HttpApi.Client", "src\OrderXChange.HttpApi.Client\OrderXChange.HttpApi.Client.csproj", "{3B5A0094-670D-4BB1-BFDD-61B88A8773DC}"
EndProject
Project("{9A19103F-16F7-4668-BE54-9A1E7A4F7556}") = "OrderXChange.EntityFrameworkCore.Tests", "test\OrderXChange.EntityFrameworkCore.Tests\OrderXChange.EntityFrameworkCore.Tests.csproj", "{1FE30EB9-74A9-47F5-A9F6-7B1FAB672D81}"
EndProject
Project("{9A19103F-16F7-4668-BE54-9A1E7A4F7556}") = "OrderXChange.TestBase", "test\OrderXChange.TestBase\OrderXChange.TestBase.csproj", "{91853F21-9CD9-4132-BC29-A7D5D84FFFE7}"
EndProject
Project("{9A19103F-16F7-4668-BE54-9A1E7A4F7556}") = "OrderXChange.Domain.Tests", "test\OrderXChange.Domain.Tests\OrderXChange.Domain.Tests.csproj", "{E512F4D9-9375-480F-A2F6-A46509F9D824}"
EndProject
Project("{9A19103F-16F7-4668-BE54-9A1E7A4F7556}") = "OrderXChange.HttpApi.Client.ConsoleTestApp", "test\OrderXChange.HttpApi.Client.ConsoleTestApp\OrderXChange.HttpApi.Client.ConsoleTestApp.csproj", "{EF480016-9127-4916-8735-D2466BDBC582}"
EndProject
Project("{9A19103F-16F7-4668-BE54-9A1E7A4F7556}") = "OrderXChange.DbMigrator", "src\OrderXChange.DbMigrator\OrderXChange.DbMigrator.csproj", "{70680696-BB1E-4383-BCB2-42C3767171FB}"
EndProject
Project("{9A19103F-16F7-4668-BE54-9A1E7A4F7556}") = "OrderXChange.HttpApi.Host", "src\OrderXChange.HttpApi.Host\OrderXChange.HttpApi.Host.csproj", "{96E5259E-59A3-4FAF-BCD1-5BF8E74EF82C}"
EndProject
Project("{2150E333-8FDC-42A3-9474-1A3956D46DE8}") = "modules", "modules", "{CA253913-39DE-BFD0-C9A3-4B7EC6FBDF17}"
EndProject
Project("{2150E333-8FDC-42A3-9474-1A3956D46DE8}") = "Volo.Abp.TenantManagement", "Volo.Abp.TenantManagement", "{3139CAC8-1E43-37B5-3007-1BC13D97B002}"
EndProject
Project("{FAE04EC0-301F-11D3-BF4B-00C04F79EFBC}") = "Volo.Abp.TenantManagement.Application", "modules\Volo.Abp.TenantManagement\src\Volo.Abp.TenantManagement.Application\Volo.Abp.TenantManagement.Application.csproj", "{99507FA2-38DF-4E47-A809-77B201DC85BD}"
EndProject
Project("{FAE04EC0-301F-11D3-BF4B-00C04F79EFBC}") = "Volo.Abp.TenantManagement.Application.Contracts", "modules\Volo.Abp.TenantManagement\src\Volo.Abp.TenantManagement.Application.Contracts\Volo.Abp.TenantManagement.Application.Contracts.csproj", "{6B8D897E-C64F-4AB6-9BDF-6794522EC86A}"
EndProject
Project("{FAE04EC0-301F-11D3-BF4B-00C04F79EFBC}") = "Volo.Abp.TenantManagement.Blazor", "modules\Volo.Abp.TenantManagement\src\Volo.Abp.TenantManagement.Blazor\Volo.Abp.TenantManagement.Blazor.csproj", "{096B7F33-6DAB-44BF-B25C-5AF6999FB2A8}"
EndProject
Project("{FAE04EC0-301F-11D3-BF4B-00C04F79EFBC}") = "Volo.Abp.TenantManagement.Blazor.Server", "modules\Volo.Abp.TenantManagement\src\Volo.Abp.TenantManagement.Blazor.Server\Volo.Abp.TenantManagement.Blazor.Server.csproj", "{10E75ACE-1807-427E-AB81-528C6E8FD172}"
EndProject
Project("{FAE04EC0-301F-11D3-BF4B-00C04F79EFBC}") = "Volo.Abp.TenantManagement.Blazor.WebAssembly", "modules\Volo.Abp.TenantManagement\src\Volo.Abp.TenantManagement.Blazor.WebAssembly\Volo.Abp.TenantManagement.Blazor.WebAssembly.csproj", "{0FE1E764-F5E8-498F-B027-E7EB1D290233}"
EndProject
Project("{FAE04EC0-301F-11D3-BF4B-00C04F79EFBC}") = "Volo.Abp.TenantManagement.Domain", "modules\Volo.Abp.TenantManagement\src\Volo.Abp.TenantManagement.Domain\Volo.Abp.TenantManagement.Domain.csproj", "{CFB5D7B7-CDE8-4BB9-A926-970C6C2E991A}"
EndProject
Project("{FAE04EC0-301F-11D3-BF4B-00C04F79EFBC}") = "Volo.Abp.TenantManagement.Domain.Shared", "modules\Volo.Abp.TenantManagement\src\Volo.Abp.TenantManagement.Domain.Shared\Volo.Abp.TenantManagement.Domain.Shared.csproj", "{BFAFDA51-278E-4AF4-85DF-BE1DDC71A0B5}"
EndProject
Project("{FAE04EC0-301F-11D3-BF4B-00C04F79EFBC}") = "Volo.Abp.TenantManagement.EntityFrameworkCore", "modules\Volo.Abp.TenantManagement\src\Volo.Abp.TenantManagement.EntityFrameworkCore\Volo.Abp.TenantManagement.EntityFrameworkCore.csproj", "{07527CFB-504C-49B1-86B3-0E0EF38F8A2B}"
EndProject
Project("{FAE04EC0-301F-11D3-BF4B-00C04F79EFBC}") = "Volo.Abp.TenantManagement.HttpApi", "modules\Volo.Abp.TenantManagement\src\Volo.Abp.TenantManagement.HttpApi\Volo.Abp.TenantManagement.HttpApi.csproj", "{381EA2AA-1644-4F94-AB97-DFBDBABA3767}"
EndProject
Project("{FAE04EC0-301F-11D3-BF4B-00C04F79EFBC}") = "Volo.Abp.TenantManagement.HttpApi.Client", "modules\Volo.Abp.TenantManagement\src\Volo.Abp.TenantManagement.HttpApi.Client\Volo.Abp.TenantManagement.HttpApi.Client.csproj", "{F79A3FFA-5988-49CB-A6BB-15CB6125BFB3}"
EndProject
Project("{FAE04EC0-301F-11D3-BF4B-00C04F79EFBC}") = "Volo.Abp.TenantManagement.Installer", "modules\Volo.Abp.TenantManagement\src\Volo.Abp.TenantManagement.Installer\Volo.Abp.TenantManagement.Installer.csproj", "{F347E9CC-0085-4171-9921-322E29C9CE4A}"
EndProject
Project("{FAE04EC0-301F-11D3-BF4B-00C04F79EFBC}") = "Volo.Abp.TenantManagement.MongoDB", "modules\Volo.Abp.TenantManagement\src\Volo.Abp.TenantManagement.MongoDB\Volo.Abp.TenantManagement.MongoDB.csproj", "{6FD1EB28-CF47-4C06-AE71-8756DAF2F025}"
EndProject
Project("{FAE04EC0-301F-11D3-BF4B-00C04F79EFBC}") = "Volo.Abp.TenantManagement.Web", "modules\Volo.Abp.TenantManagement\src\Volo.Abp.TenantManagement.Web\Volo.Abp.TenantManagement.Web.csproj", "{9BDD8278-D111-4862-A50C-F0426372CEC7}"
EndProject
Project("{2150E333-8FDC-42A3-9474-1A3956D46DE8}") = "Volo.Abp.TenantManagement.Tests", "Volo.Abp.TenantManagement.Tests", "{9539F295-ACDC-DBEC-B32F-14CC826404AA}"
EndProject
Project("{FAE04EC0-301F-11D3-BF4B-00C04F79EFBC}") = "Volo.Abp.TenantManagement.Domain.Tests", "modules\Volo.Abp.TenantManagement\test\Volo.Abp.TenantManagement.Domain.Tests\Volo.Abp.TenantManagement.Domain.Tests.csproj", "{E0177AD6-7BD3-4399-AD94-490F8A4AE133}"
EndProject
Project("{FAE04EC0-301F-11D3-BF4B-00C04F79EFBC}") = "Volo.Abp.TenantManagement.EntityFrameworkCore.Tests", "modules\Volo.Abp.TenantManagement\test\Volo.Abp.TenantManagement.EntityFrameworkCore.Tests\Volo.Abp.TenantManagement.EntityFrameworkCore.Tests.csproj", "{55294270-E96B-4874-A081-1AF0890924AD}"
EndProject
Project("{FAE04EC0-301F-11D3-BF4B-00C04F79EFBC}") = "Volo.Abp.TenantManagement.MongoDB.Tests", "modules\Volo.Abp.TenantManagement\test\Volo.Abp.TenantManagement.MongoDB.Tests\Volo.Abp.TenantManagement.MongoDB.Tests.csproj", "{7FA8C37E-571D-449A-97CB-6D40C536E69F}"
EndProject
Project("{FAE04EC0-301F-11D3-BF4B-00C04F79EFBC}") = "Volo.Abp.TenantManagement.TestBase", "modules\Volo.Abp.TenantManagement\test\Volo.Abp.TenantManagement.TestBase\Volo.Abp.TenantManagement.TestBase.csproj", "{579A0A82-5609-41B6-AFC8-B434180A7CFB}"
EndProject
Global
	GlobalSection(SolutionConfigurationPlatforms) = preSolution
		Debug|Any CPU = Debug|Any CPU
		Debug|x64 = Debug|x64
		Debug|x86 = Debug|x86
		Release|Any CPU = Release|Any CPU
		Release|x64 = Release|x64
		Release|x86 = Release|x86
	EndGlobalSection
	GlobalSection(ProjectConfigurationPlatforms) = postSolution
		{554AD327-6DBA-4F8F-96F8-81CE7A0C863F}.Debug|Any CPU.ActiveCfg = Debug|Any CPU
		{554AD327-6DBA-4F8F-96F8-81CE7A0C863F}.Debug|Any CPU.Build.0 = Debug|Any CPU
		{554AD327-6DBA-4F8F-96F8-81CE7A0C863F}.Debug|x64.ActiveCfg = Debug|Any CPU
		{554AD327-6DBA-4F8F-96F8-81CE7A0C863F}.Debug|x64.Build.0 = Debug|Any CPU
		{554AD327-6DBA-4F8F-96F8-81CE7A0C863F}.Debug|x86.ActiveCfg = Debug|Any CPU
		{554AD327-6DBA-4F8F-96F8-81CE7A0C863F}.Debug|x86.Build.0 = Debug|Any CPU
		{554AD327-6DBA-4F8F-96F8-81CE7A0C863F}.Release|Any CPU.ActiveCfg = Release|Any CPU
		{554AD327-6DBA-4F8F-96F8-81CE7A0C863F}.Release|Any CPU.Build.0 = Release|Any CPU
		{554AD327-6DBA-4F8F-96F8-81CE7A0C863F}.Release|x64.ActiveCfg = Release|Any CPU
		{554AD327-6DBA-4F8F-96F8-81CE7A0C863F}.Release|x64.Build.0 = Release|Any CPU
		{554AD327-6DBA-4F8F-96F8-81CE7A0C863F}.Release|x86.ActiveCfg = Release|Any CPU
		{554AD327-6DBA-4F8F-96F8-81CE7A0C863F}.Release|x86.Build.0 = Release|Any CPU
		{1A94A50E-06DC-43C1-80B5-B662820EC3EB}.Debug|Any CPU.ActiveCfg = Debug|Any CPU
		{1A94A50E-06DC-43C1-80B5-B662820EC3EB}.Debug|Any CPU.Build.0 = Debug|Any CPU
		{1A94A50E-06DC-43C1-80B5-B662820EC3EB}.Debug|x64.ActiveCfg = Debug|Any CPU
		{1A94A50E-06DC-43C1-80B5-B662820EC3EB}.Debug|x64.Build.0 = Debug|Any CPU
		{1A94A50E-06DC-43C1-80B5-B662820EC3EB}.Debug|x86.ActiveCfg = Debug|Any CPU
		{1A94A50E-06DC-43C1-80B5-B662820EC3EB}.Debug|x86.Build.0 = Debug|Any CPU
		{1A94A50E-06DC-43C1-80B5-B662820EC3EB}.Release|Any CPU.ActiveCfg = Release|Any CPU
		{1A94A50E-06DC-43C1-80B5-B662820EC3EB}.Release|Any CPU.Build.0 = Release|Any CPU
		{1A94A50E-06DC-43C1-80B5-B662820EC3EB}.Release|x64.ActiveCfg = Release|Any CPU
		{1A94A50E-06DC-43C1-80B5-B662820EC3EB}.Release|x64.Build.0 = Release|Any CPU
		{1A94A50E-06DC-43C1-80B5-B662820EC3EB}.Release|x86.ActiveCfg = Release|Any CPU
		{1A94A50E-06DC-43C1-80B5-B662820EC3EB}.Release|x86.Build.0 = Release|Any CPU
		{C956DD76-69C8-4A9C-83EA-D17DF83340FD}.Debug|Any CPU.ActiveCfg = Debug|Any CPU
		{C956DD76-69C8-4A9C-83EA-D17DF83340FD}.Debug|Any CPU.Build.0 = Debug|Any CPU
		{C956DD76-69C8-4A9C-83EA-D17DF83340FD}.Debug|x64.ActiveCfg = Debug|Any CPU
		{C956DD76-69C8-4A9C-83EA-D17DF83340FD}.Debug|x64.Build.0 = Debug|Any CPU
		{C956DD76-69C8-4A9C-83EA-D17DF83340FD}.Debug|x86.ActiveCfg = Debug|Any CPU
		{C956DD76-69C8-4A9C-83EA-D17DF83340FD}.Debug|x86.Build.0 = Debug|Any CPU
		{C956DD76-69C8-4A9C-83EA-D17DF83340FD}.Release|Any CPU.ActiveCfg = Release|Any CPU
		{C956DD76-69C8-4A9C-83EA-D17DF83340FD}.Release|Any CPU.Build.0 = Release|Any CPU
		{C956DD76-69C8-4A9C-83EA-D17DF83340FD}.Release|x64.ActiveCfg = Release|Any CPU
		{C956DD76-69C8-4A9C-83EA-D17DF83340FD}.Release|x64.Build.0 = Release|Any CPU
		{C956DD76-69C8-4A9C-83EA-D17DF83340FD}.Release|x86.ActiveCfg = Release|Any CPU
		{C956DD76-69C8-4A9C-83EA-D17DF83340FD}.Release|x86.Build.0 = Release|Any CPU
		{50B2631D-129C-47B3-A587-029CCD6099BC}.Debug|Any CPU.ActiveCfg = Debug|Any CPU
		{50B2631D-129C-47B3-A587-029CCD6099BC}.Debug|Any CPU.Build.0 = Debug|Any CPU
		{50B2631D-129C-47B3-A587-029CCD6099BC}.Debug|x64.ActiveCfg = Debug|Any CPU
		{50B2631D-129C-47B3-A587-029CCD6099BC}.Debug|x64.Build.0 = Debug|Any CPU
		{50B2631D-129C-47B3-A587-029CCD6099BC}.Debug|x86.ActiveCfg = Debug|Any CPU
		{50B2631D-129C-47B3-A587-029CCD6099BC}.Debug|x86.Build.0 = Debug|Any CPU
		{50B2631D-129C-47B3-A587-029CCD6099BC}.Release|Any CPU.ActiveCfg = Release|Any CPU
		{50B2631D-129C-47B3-A587-029CCD6099BC}.Release|Any CPU.Build.0 = Release|Any CPU
		{50B2631D-129C-47B3-A587-029CCD6099BC}.Release|x64.ActiveCfg = Release|Any CPU
		{50B2631D-129C-47B3-A587-029CCD6099BC}.Release|x64.Build.0 = Release|Any CPU
		{50B2631D-129C-47B3-A587-029CCD6099BC}.Release|x86.ActiveCfg = Release|Any CPU
		{50B2631D-129C-47B3-A587-029CCD6099BC}.Release|x86.Build.0 = Release|Any CPU
		{42F719ED-8413-4895-B5B4-5AB56079BC66}.Debug|Any CPU.ActiveCfg = Debug|Any CPU
		{42F719ED-8413-4895-B5B4-5AB56079BC66}.Debug|Any CPU.Build.0 = Debug|Any CPU
		{42F719ED-8413-4895-B5B4-5AB56079BC66}.Debug|x64.ActiveCfg = Debug|Any CPU
		{42F719ED-8413-4895-B5B4-5AB56079BC66}.Debug|x64.Build.0 = Debug|Any CPU
		{42F719ED-8413-4895-B5B4-5AB56079BC66}.Debug|x86.ActiveCfg = Debug|Any CPU
		{42F719ED-8413-4895-B5B4-5AB56079BC66}.Debug|x86.Build.0 = Debug|Any CPU
		{42F719ED-8413-4895-B5B4-5AB56079BC66}.Release|Any CPU.ActiveCfg = Release|Any CPU
		{42F719ED-8413-4895-B5B4-5AB56079BC66}.Release|Any CPU.Build.0 = Release|Any CPU
		{42F719ED-8413-4895-B5B4-5AB56079BC66}.Release|x64.ActiveCfg = Release|Any CPU
		{42F719ED-8413-4895-B5B4-5AB56079BC66}.Release|x64.Build.0 = Release|Any CPU
		{42F719ED-8413-4895-B5B4-5AB56079BC66}.Release|x86.ActiveCfg = Release|Any CPU
		{42F719ED-8413-4895-B5B4-5AB56079BC66}.Release|x86.Build.0 = Release|Any CPU
		{520659C8-C734-4298-A3DA-B539DB9DFC0B}.Debug|Any CPU.ActiveCfg = Debug|Any CPU
		{520659C8-C734-4298-A3DA-B539DB9DFC0B}.Debug|Any CPU.Build.0 = Debug|Any CPU
		{520659C8-C734-4298-A3DA-B539DB9DFC0B}.Debug|x64.ActiveCfg = Debug|Any CPU
		{520659C8-C734-4298-A3DA-B539DB9DFC0B}.Debug|x64.Build.0 = Debug|Any CPU
		{520659C8-C734-4298-A3DA-B539DB9DFC0B}.Debug|x86.ActiveCfg = Debug|Any CPU
		{520659C8-C734-4298-A3DA-B539DB9DFC0B}.Debug|x86.Build.0 = Debug|Any CPU
		{520659C8-C734-4298-A3DA-B539DB9DFC0B}.Release|Any CPU.ActiveCfg = Release|Any CPU
		{520659C8-C734-4298-A3DA-B539DB9DFC0B}.Release|Any CPU.Build.0 = Release|Any CPU
		{520659C8-C734-4298-A3DA-B539DB9DFC0B}.Release|x64.ActiveCfg = Release|Any CPU
		{520659C8-C734-4298-A3DA-B539DB9DFC0B}.Release|x64.Build.0 = Release|Any CPU
		{520659C8-C734-4298-A3DA-B539DB9DFC0B}.Release|x86.ActiveCfg = Release|Any CPU
		{520659C8-C734-4298-A3DA-B539DB9DFC0B}.Release|x86.Build.0 = Release|Any CPU
		{4164BDF7-F527-4E85-9CE6-E3C2D7426A27}.Debug|Any CPU.ActiveCfg = Debug|Any CPU
		{4164BDF7-F527-4E85-9CE6-E3C2D7426A27}.Debug|Any CPU.Build.0 = Debug|Any CPU
		{4164BDF7-F527-4E85-9CE6-E3C2D7426A27}.Debug|x64.ActiveCfg = Debug|Any CPU
		{4164BDF7-F527-4E85-9CE6-E3C2D7426A27}.Debug|x64.Build.0 = Debug|Any CPU
		{4164BDF7-F527-4E85-9CE6-E3C2D7426A27}.Debug|x86.ActiveCfg = Debug|Any CPU
		{4164BDF7-F527-4E85-9CE6-E3C2D7426A27}.Debug|x86.Build.0 = Debug|Any CPU
		{4164BDF7-F527-4E85-9CE6-E3C2D7426A27}.Release|Any CPU.ActiveCfg = Release|Any CPU
		{4164BDF7-F527-4E85-9CE6-E3C2D7426A27}.Release|Any CPU.Build.0 = Release|Any CPU
		{4164BDF7-F527-4E85-9CE6-E3C2D7426A27}.Release|x64.ActiveCfg = Release|Any CPU
		{4164BDF7-F527-4E85-9CE6-E3C2D7426A27}.Release|x64.Build.0 = Release|Any CPU
		{4164BDF7-F527-4E85-9CE6-E3C2D7426A27}.Release|x86.ActiveCfg = Release|Any CPU
		{4164BDF7-F527-4E85-9CE6-E3C2D7426A27}.Release|x86.Build.0 = Release|Any CPU
		{3B5A0094-670D-4BB1-BFDD-61B88A8773DC}.Debug|Any CPU.ActiveCfg = Debug|Any CPU
		{3B5A0094-670D-4BB1-BFDD-61B88A8773DC}.Debug|Any CPU.Build.0 = Debug|Any CPU
		{3B5A0094-670D-4BB1-BFDD-61B88A8773DC}.Debug|x64.ActiveCfg = Debug|Any CPU
		{3B5A0094-670D-4BB1-BFDD-61B88A8773DC}.Debug|x64.Build.0 = Debug|Any CPU
		{3B5A0094-670D-4BB1-BFDD-61B88A8773DC}.Debug|x86.ActiveCfg = Debug|Any CPU
		{3B5A0094-670D-4BB1-BFDD-61B88A8773DC}.Debug|x86.Build.0 = Debug|Any CPU
		{3B5A0094-670D-4BB1-BFDD-61B88A8773DC}.Release|Any CPU.ActiveCfg = Release|Any CPU
		{3B5A0094-670D-4BB1-BFDD-61B88A8773DC}.Release|Any CPU.Build.0 = Release|Any CPU
		{3B5A0094-670D-4BB1-BFDD-61B88A8773DC}.Release|x64.ActiveCfg = Release|Any CPU
		{3B5A0094-670D-4BB1-BFDD-61B88A8773DC}.Release|x64.Build.0 = Release|Any CPU
		{3B5A0094-670D-4BB1-BFDD-61B88A8773DC}.Release|x86.ActiveCfg = Release|Any CPU
		{3B5A0094-670D-4BB1-BFDD-61B88A8773DC}.Release|x86.Build.0 = Release|Any CPU
		{1FE30EB9-74A9-47F5-A9F6-7B1FAB672D81}.Debug|Any CPU.ActiveCfg = Debug|Any CPU
		{1FE30EB9-74A9-47F5-A9F6-7B1FAB672D81}.Debug|Any CPU.Build.0 = Debug|Any CPU
		{1FE30EB9-74A9-47F5-A9F6-7B1FAB672D81}.Debug|x64.ActiveCfg = Debug|Any CPU
		{1FE30EB9-74A9-47F5-A9F6-7B1FAB672D81}.Debug|x64.Build.0 = Debug|Any CPU
		{1FE30EB9-74A9-47F5-A9F6-7B1FAB672D81}.Debug|x86.ActiveCfg = Debug|Any CPU
		{1FE30EB9-74A9-47F5-A9F6-7B1FAB672D81}.Debug|x86.Build.0 = Debug|Any CPU
		{1FE30EB9-74A9-47F5-A9F6-7B1FAB672D81}.Release|Any CPU.ActiveCfg = Release|Any CPU
		{1FE30EB9-74A9-47F5-A9F6-7B1FAB672D81}.Release|Any CPU.Build.0 = Release|Any CPU
		{1FE30EB9-74A9-47F5-A9F6-7B1FAB672D81}.Release|x64.ActiveCfg = Release|Any CPU
		{1FE30EB9-74A9-47F5-A9F6-7B1FAB672D81}.Release|x64.Build.0 = Release|Any CPU
		{1FE30EB9-74A9-47F5-A9F6-7B1FAB672D81}.Release|x86.ActiveCfg = Release|Any CPU
		{1FE30EB9-74A9-47F5-A9F6-7B1FAB672D81}.Release|x86.Build.0 = Release|Any CPU
		{91853F21-9CD9-4132-BC29-A7D5D84FFFE7}.Debug|Any CPU.ActiveCfg = Debug|Any CPU
		{91853F21-9CD9-4132-BC29-A7D5D84FFFE7}.Debug|Any CPU.Build.0 = Debug|Any CPU
		{91853F21-9CD9-4132-BC29-A7D5D84FFFE7}.Debug|x64.ActiveCfg = Debug|Any CPU
		{91853F21-9CD9-4132-BC29-A7D5D84FFFE7}.Debug|x64.Build.0 = Debug|Any CPU
		{91853F21-9CD9-4132-BC29-A7D5D84FFFE7}.Debug|x86.ActiveCfg = Debug|Any CPU
		{91853F21-9CD9-4132-BC29-A7D5D84FFFE7}.Debug|x86.Build.0 = Debug|Any CPU
		{91853F21-9CD9-4132-BC29-A7D5D84FFFE7}.Release|Any CPU.ActiveCfg = Release|Any CPU
		{91853F21-9CD9-4132-BC29-A7D5D84FFFE7}.Release|Any CPU.Build.0 = Release|Any CPU
		{91853F21-9CD9-4132-BC29-A7D5D84FFFE7}.Release|x64.ActiveCfg = Release|Any CPU
		{91853F21-9CD9-4132-BC29-A7D5D84FFFE7}.Release|x64.Build.0 = Release|Any CPU
		{91853F21-9CD9-4132-BC29-A7D5D84FFFE7}.Release|x86.ActiveCfg = Release|Any CPU
		{91853F21-9CD9-4132-BC29-A7D5D84FFFE7}.Release|x86.Build.0 = Release|Any CPU
		{E512F4D9-9375-480F-A2F6-A46509F9D824}.Debug|Any CPU.ActiveCfg = Debug|Any CPU
		{E512F4D9-9375-480F-A2F6-A46509F9D824}.Debug|Any CPU.Build.0 = Debug|Any CPU
		{E512F4D9-9375-480F-A2F6-A46509F9D824}.Debug|x64.ActiveCfg = Debug|Any CPU
		{E512F4D9-9375-480F-A2F6-A46509F9D824}.Debug|x64.Build.0 = Debug|Any CPU
		{E512F4D9-9375-480F-A2F6-A46509F9D824}.Debug|x86.ActiveCfg = Debug|Any CPU
		{E512F4D9-9375-480F-A2F6-A46509F9D824}.Debug|x86.Build.0 = Debug|Any CPU
		{E512F4D9-9375-480F-A2F6-A46509F9D824}.Release|Any CPU.ActiveCfg = Release|Any CPU
		{E512F4D9-9375-480F-A2F6-A46509F9D824}.Release|Any CPU.Build.0 = Release|Any CPU
		{E512F4D9-9375-480F-A2F6-A46509F9D824}.Release|x64.ActiveCfg = Release|Any CPU
		{E512F4D9-9375-480F-A2F6-A46509F9D824}.Release|x64.Build.0 = Release|Any CPU
		{E512F4D9-9375-480F-A2F6-A46509F9D824}.Release|x86.ActiveCfg = Release|Any CPU
		{E512F4D9-9375-480F-A2F6-A46509F9D824}.Release|x86.Build.0 = Release|Any CPU
		{EF480016-9127-4916-8735-D2466BDBC582}.Debug|Any CPU.ActiveCfg = Debug|Any CPU
		{EF480016-9127-4916-8735-D2466BDBC582}.Debug|Any CPU.Build.0 = Debug|Any CPU
		{EF480016-9127-4916-8735-D2466BDBC582}.Debug|x64.ActiveCfg = Debug|Any CPU
		{EF480016-9127-4916-8735-D2466BDBC582}.Debug|x64.Build.0 = Debug|Any CPU
		{EF480016-9127-4916-8735-D2466BDBC582}.Debug|x86.ActiveCfg = Debug|Any CPU
		{EF480016-9127-4916-8735-D2466BDBC582}.Debug|x86.Build.0 = Debug|Any CPU
		{EF480016-9127-4916-8735-D2466BDBC582}.Release|Any CPU.ActiveCfg = Release|Any CPU
		{EF480016-9127-4916-8735-D2466BDBC582}.Release|Any CPU.Build.0 = Release|Any CPU
		{EF480016-9127-4916-8735-D2466BDBC582}.Release|x64.ActiveCfg = Release|Any CPU
		{EF480016-9127-4916-8735-D2466BDBC582}.Release|x64.Build.0 = Release|Any CPU
		{EF480016-9127-4916-8735-D2466BDBC582}.Release|x86.ActiveCfg = Release|Any CPU
		{EF480016-9127-4916-8735-D2466BDBC582}.Release|x86.Build.0 = Release|Any CPU
		{70680696-BB1E-4383-BCB2-42C3767171FB}.Debug|Any CPU.ActiveCfg = Debug|Any CPU
		{70680696-BB1E-4383-BCB2-42C3767171FB}.Debug|Any CPU.Build.0 = Debug|Any CPU
		{70680696-BB1E-4383-BCB2-42C3767171FB}.Debug|x64.ActiveCfg = Debug|Any CPU
		{70680696-BB1E-4383-BCB2-42C3767171FB}.Debug|x64.Build.0 = Debug|Any CPU
		{70680696-BB1E-4383-BCB2-42C3767171FB}.Debug|x86.ActiveCfg = Debug|Any CPU
		{70680696-BB1E-4383-BCB2-42C3767171FB}.Debug|x86.Build.0 = Debug|Any CPU
		{70680696-BB1E-4383-BCB2-42C3767171FB}.Release|Any CPU.ActiveCfg = Release|Any CPU
		{70680696-BB1E-4383-BCB2-42C3767171FB}.Release|Any CPU.Build.0 = Release|Any CPU
		{70680696-BB1E-4383-BCB2-42C3767171FB}.Release|x64.ActiveCfg = Release|Any CPU
		{70680696-BB1E-4383-BCB2-42C3767171FB}.Release|x64.Build.0 = Release|Any CPU
		{70680696-BB1E-4383-BCB2-42C3767171FB}.Release|x86.ActiveCfg = Release|Any CPU
		{70680696-BB1E-4383-BCB2-42C3767171FB}.Release|x86.Build.0 = Release|Any CPU
		{96E5259E-59A3-4FAF-BCD1-5BF8E74EF82C}.Debug|Any CPU.ActiveCfg = Debug|Any CPU
		{96E5259E-59A3-4FAF-BCD1-5BF8E74EF82C}.Debug|Any CPU.Build.0 = Debug|Any CPU
		{96E5259E-59A3-4FAF-BCD1-5BF8E74EF82C}.Debug|x64.ActiveCfg = Debug|Any CPU
		{96E5259E-59A3-4FAF-BCD1-5BF8E74EF82C}.Debug|x64.Build.0 = Debug|Any CPU
		{96E5259E-59A3-4FAF-BCD1-5BF8E74EF82C}.Debug|x86.ActiveCfg = Debug|Any CPU
		{96E5259E-59A3-4FAF-BCD1-5BF8E74EF82C}.Debug|x86.Build.0 = Debug|Any CPU
		{96E5259E-59A3-4FAF-BCD1-5BF8E74EF82C}.Release|Any CPU.ActiveCfg = Release|Any CPU
		{96E5259E-59A3-4FAF-BCD1-5BF8E74EF82C}.Release|Any CPU.Build.0 = Release|Any CPU
		{96E5259E-59A3-4FAF-BCD1-5BF8E74EF82C}.Release|x64.ActiveCfg = Release|Any CPU
		{96E5259E-59A3-4FAF-BCD1-5BF8E74EF82C}.Release|x64.Build.0 = Release|Any CPU
		{96E5259E-59A3-4FAF-BCD1-5BF8E74EF82C}.Release|x86.ActiveCfg = Release|Any CPU
		{96E5259E-59A3-4FAF-BCD1-5BF8E74EF82C}.Release|x86.Build.0 = Release|Any CPU
		{99507FA2-38DF-4E47-A809-77B201DC85BD}.Debug|Any CPU.ActiveCfg = Debug|Any CPU
		{99507FA2-38DF-4E47-A809-77B201DC85BD}.Debug|Any CPU.Build.0 = Debug|Any CPU
		{99507FA2-38DF-4E47-A809-77B201DC85BD}.Debug|x64.ActiveCfg = Debug|Any CPU
		{99507FA2-38DF-4E47-A809-77B201DC85BD}.Debug|x64.Build.0 = Debug|Any CPU
		{99507FA2-38DF-4E47-A809-77B201DC85BD}.Debug|x86.ActiveCfg = Debug|Any CPU
		{99507FA2-38DF-4E47-A809-77B201DC85BD}.Debug|x86.Build.0 = Debug|Any CPU
		{99507FA2-38DF-4E47-A809-77B201DC85BD}.Release|Any CPU.ActiveCfg = Release|Any CPU
		{99507FA2-38DF-4E47-A809-77B201DC85BD}.Release|Any CPU.Build.0 = Release|Any CPU
		{99507FA2-38DF-4E47-A809-77B201DC85BD}.Release|x64.ActiveCfg = Release|Any CPU
		{99507FA2-38DF-4E47-A809-77B201DC85BD}.Release|x64.Build.0 = Release|Any CPU
		{99507FA2-38DF-4E47-A809-77B201DC85BD}.Release|x86.ActiveCfg = Release|Any CPU
		{99507FA2-38DF-4E47-A809-77B201DC85BD}.Release|x86.Build.0 = Release|Any CPU
		{6B8D897E-C64F-4AB6-9BDF-6794522EC86A}.Debug|Any CPU.ActiveCfg = Debug|Any CPU
		{6B8D897E-C64F-4AB6-9BDF-6794522EC86A}.Debug|Any CPU.Build.0 = Debug|Any CPU
		{6B8D897E-C64F-4AB6-9BDF-6794522EC86A}.Debug|x64.ActiveCfg = Debug|Any CPU
		{6B8D897E-C64F-4AB6-9BDF-6794522EC86A}.Debug|x64.Build.0 = Debug|Any CPU
		{6B8D897E-C64F-4AB6-9BDF-6794522EC86A}.Debug|x86.ActiveCfg = Debug|Any CPU
		{6B8D897E-C64F-4AB6-9BDF-6794522EC86A}.Debug|x86.Build.0 = Debug|Any CPU
		{6B8D897E-C64F-4AB6-9BDF-6794522EC86A}.Release|Any CPU.ActiveCfg = Release|Any CPU
		{6B8D897E-C64F-4AB6-9BDF-6794522EC86A}.Release|Any CPU.Build.0 = Release|Any CPU
		{6B8D897E-C64F-4AB6-9BDF-6794522EC86A}.Release|x64.ActiveCfg = Release|Any CPU
		{6B8D897E-C64F-4AB6-9BDF-6794522EC86A}.Release|x64.Build.0 = Release|Any CPU
		{6B8D897E-C64F-4AB6-9BDF-6794522EC86A}.Release|x86.ActiveCfg = Release|Any CPU
		{6B8D897E-C64F-4AB6-9BDF-6794522EC86A}.Release|x86.Build.0 = Release|Any CPU
		{096B7F33-6DAB-44BF-B25C-5AF6999FB2A8}.Debug|Any CPU.ActiveCfg = Debug|Any CPU
		{096B7F33-6DAB-44BF-B25C-5AF6999FB2A8}.Debug|Any CPU.Build.0 = Debug|Any CPU
		{096B7F33-6DAB-44BF-B25C-5AF6999FB2A8}.Debug|x64.ActiveCfg = Debug|Any CPU
		{096B7F33-6DAB-44BF-B25C-5AF6999FB2A8}.Debug|x64.Build.0 = Debug|Any CPU
		{096B7F33-6DAB-44BF-B25C-5AF6999FB2A8}.Debug|x86.ActiveCfg = Debug|Any CPU
		{096B7F33-6DAB-44BF-B25C-5AF6999FB2A8}.Debug|x86.Build.0 = Debug|Any CPU
		{096B7F33-6DAB-44BF-B25C-5AF6999FB2A8}.Release|Any CPU.ActiveCfg = Release|Any CPU
		{096B7F33-6DAB-44BF-B25C-5AF6999FB2A8}.Release|Any CPU.Build.0 = Release|Any CPU
		{096B7F33-6DAB-44BF-B25C-5AF6999FB2A8}.Release|x64.ActiveCfg = Release|Any CPU
		{096B7F33-6DAB-44BF-B25C-5AF6999FB2A8}.Release|x64.Build.0 = Release|Any CPU
		{096B7F33-6DAB-44BF-B25C-5AF6999FB2A8}.Release|x86.ActiveCfg = Release|Any CPU
		{096B7F33-6DAB-44BF-B25C-5AF6999FB2A8}.Release|x86.Build.0 = Release|Any CPU
		{10E75ACE-1807-427E-AB81-528C6E8FD172}.Debug|Any CPU.ActiveCfg = Debug|Any CPU
		{10E75ACE-1807-427E-AB81-528C6E8FD172}.Debug|Any CPU.Build.0 = Debug|Any CPU
		{10E75ACE-1807-427E-AB81-528C6E8FD172}.Debug|x64.ActiveCfg = Debug|Any CPU
		{10E75ACE-1807-427E-AB81-528C6E8FD172}.Debug|x64.Build.0 = Debug|Any CPU
		{10E75ACE-1807-427E-AB81-528C6E8FD172}.Debug|x86.ActiveCfg = Debug|Any CPU
		{10E75ACE-1807-427E-AB81-528C6E8FD172}.Debug|x86.Build.0 = Debug|Any CPU
		{10E75ACE-1807-427E-AB81-528C6E8FD172}.Release|Any CPU.ActiveCfg = Release|Any CPU
		{10E75ACE-1807-427E-AB81-528C6E8FD172}.Release|Any CPU.Build.0 = Release|Any CPU
		{10E75ACE-1807-427E-AB81-528C6E8FD172}.Release|x64.ActiveCfg = Release|Any CPU
		{10E75ACE-1807-427E-AB81-528C6E8FD172}.Release|x64.Build.0 = Release|Any CPU
		{10E75ACE-1807-427E-AB81-528C6E8FD172}.Release|x86.ActiveCfg = Release|Any CPU
		{10E75ACE-1807-427E-AB81-528C6E8FD172}.Release|x86.Build.0 = Release|Any CPU
		{0FE1E764-F5E8-498F-B027-E7EB1D290233}.Debug|Any CPU.ActiveCfg = Debug|Any CPU
		{0FE1E764-F5E8-498F-B027-E7EB1D290233}.Debug|Any CPU.Build.0 = Debug|Any CPU
		{0FE1E764-F5E8-498F-B027-E7EB1D290233}.Debug|x64.ActiveCfg = Debug|Any CPU
		{0FE1E764-F5E8-498F-B027-E7EB1D290233}.Debug|x64.Build.0 = Debug|Any CPU
		{0FE1E764-F5E8-498F-B027-E7EB1D290233}.Debug|x86.ActiveCfg = Debug|Any CPU
		{0FE1E764-F5E8-498F-B027-E7EB1D290233}.Debug|x86.Build.0 = Debug|Any CPU
		{0FE1E764-F5E8-498F-B027-E7EB1D290233}.Release|Any CPU.ActiveCfg = Release|Any CPU
		{0FE1E764-F5E8-498F-B027-E7EB1D290233}.Release|Any CPU.Build.0 = Release|Any CPU
		{0FE1E764-F5E8-498F-B027-E7EB1D290233}.Release|x64.ActiveCfg = Release|Any CPU
		{0FE1E764-F5E8-498F-B027-E7EB1D290233}.Release|x64.Build.0 = Release|Any CPU
		{0FE1E764-F5E8-498F-B027-E7EB1D290233}.Release|x86.ActiveCfg = Release|Any CPU
		{0FE1E764-F5E8-498F-B027-E7EB1D290233}.Release|x86.Build.0 = Release|Any CPU
		{CFB5D7B7-CDE8-4BB9-A926-970C6C2E991A}.Debug|Any CPU.ActiveCfg = Debug|Any CPU
		{CFB5D7B7-CDE8-4BB9-A926-970C6C2E991A}.Debug|Any CPU.Build.0 = Debug|Any CPU
		{CFB5D7B7-CDE8-4BB9-A926-970C6C2E991A}.Debug|x64.ActiveCfg = Debug|Any CPU
		{CFB5D7B7-CDE8-4BB9-A926-970C6C2E991A}.Debug|x64.Build.0 = Debug|Any CPU
		{CFB5D7B7-CDE8-4BB9-A926-970C6C2E991A}.Debug|x86.ActiveCfg = Debug|Any CPU
		{CFB5D7B7-CDE8-4BB9-A926-970C6C2E991A}.Debug|x86.Build.0 = Debug|Any CPU
		{CFB5D7B7-CDE8-4BB9-A926-970C6C2E991A}.Release|Any CPU.ActiveCfg = Release|Any CPU
		{CFB5D7B7-CDE8-4BB9-A926-970C6C2E991A}.Release|Any CPU.Build.0 = Release|Any CPU
		{CFB5D7B7-CDE8-4BB9-A926-970C6C2E991A}.Release|x64.ActiveCfg = Release|Any CPU
		{CFB5D7B7-CDE8-4BB9-A926-970C6C2E991A}.Release|x64.Build.0 = Release|Any CPU
		{CFB5D7B7-CDE8-4BB9-A926-970C6C2E991A}.Release|x86.ActiveCfg = Release|Any CPU
		{CFB5D7B7-CDE8-4BB9-A926-970C6C2E991A}.Release|x86.Build.0 = Release|Any CPU
		{BFAFDA51-278E-4AF4-85DF-BE1DDC71A0B5}.Debug|Any CPU.ActiveCfg = Debug|Any CPU
		{BFAFDA51-278E-4AF4-85DF-BE1DDC71A0B5}.Debug|Any CPU.Build.0 = Debug|Any CPU
		{BFAFDA51-278E-4AF4-85DF-BE1DDC71A0B5}.Debug|x64.ActiveCfg = Debug|Any CPU
		{BFAFDA51-278E-4AF4-85DF-BE1DDC71A0B5}.Debug|x64.Build.0 = Debug|Any CPU
		{BFAFDA51-278E-4AF4-85DF-BE1DDC71A0B5}.Debug|x86.ActiveCfg = Debug|Any CPU
		{BFAFDA51-278E-4AF4-85DF-BE1DDC71A0B5}.Debug|x86.Build.0 = Debug|Any CPU
		{BFAFDA51-278E-4AF4-85DF-BE1DDC71A0B5}.Release|Any CPU.ActiveCfg = Release|Any CPU
		{BFAFDA51-278E-4AF4-85DF-BE1DDC71A0B5}.Release|Any CPU.Build.0 = Release|Any CPU
		{BFAFDA51-278E-4AF4-85DF-BE1DDC71A0B5}.Release|x64.ActiveCfg = Release|Any CPU
		{BFAFDA51-278E-4AF4-85DF-BE1DDC71A0B5}.Release|x64.Build.0 = Release|Any CPU
		{BFAFDA51-278E-4AF4-85DF-BE1DDC71A0B5}.Release|x86.ActiveCfg = Release|Any CPU
		{BFAFDA51-278E-4AF4-85DF-BE1DDC71A0B5}.Release|x86.Build.0 = Release|Any CPU
		{07527CFB-504C-49B1-86B3-0E0EF38F8A2B}.Debug|Any CPU.ActiveCfg = Debug|Any CPU
		{07527CFB-504C-49B1-86B3-0E0EF38F8A2B}.Debug|Any CPU.Build.0 = Debug|Any CPU
		{07527CFB-504C-49B1-86B3-0E0EF38F8A2B}.Debug|x64.ActiveCfg = Debug|Any CPU
		{07527CFB-504C-49B1-86B3-0E0EF38F8A2B}.Debug|x64.Build.0 = Debug|Any CPU
		{07527CFB-504C-49B1-86B3-0E0EF38F8A2B}.Debug|x86.ActiveCfg = Debug|Any CPU
		{07527CFB-504C-49B1-86B3-0E0EF38F8A2B}.Debug|x86.Build.0 = Debug|Any CPU
		{07527CFB-504C-49B1-86B3-0E0EF38F8A2B}.Release|Any CPU.ActiveCfg = Release|Any CPU
		{07527CFB-504C-49B1-86B3-0E0EF38F8A2B}.Release|Any CPU.Build.0 = Release|Any CPU
		{07527CFB-504C-49B1-86B3-0E0EF38F8A2B}.Release|x64.ActiveCfg = Release|Any CPU
		{07527CFB-504C-49B1-86B3-0E0EF38F8A2B}.Release|x64.Build.0 = Release|Any CPU
		{07527CFB-504C-49B1-86B3-0E0EF38F8A2B}.Release|x86.ActiveCfg = Release|Any CPU
		{07527CFB-504C-49B1-86B3-0E0EF38F8A2B}.Release|x86.Build.0 = Release|Any CPU
		{381EA2AA-1644-4F94-AB97-DFBDBABA3767}.Debug|Any CPU.ActiveCfg = Debug|Any CPU
		{381EA2AA-1644-4F94-AB97-DFBDBABA3767}.Debug|Any CPU.Build.0 = Debug|Any CPU
		{381EA2AA-1644-4F94-AB97-DFBDBABA3767}.Debug|x64.ActiveCfg = Debug|Any CPU
		{381EA2AA-1644-4F94-AB97-DFBDBABA3767}.Debug|x64.Build.0 = Debug|Any CPU
		{381EA2AA-1644-4F94-AB97-DFBDBABA3767}.Debug|x86.ActiveCfg = Debug|Any CPU
		{381EA2AA-1644-4F94-AB97-DFBDBABA3767}.Debug|x86.Build.0 = Debug|Any CPU
		{381EA2AA-1644-4F94-AB97-DFBDBABA3767}.Release|Any CPU.ActiveCfg = Release|Any CPU
		{381EA2AA-1644-4F94-AB97-DFBDBABA3767}.Release|Any CPU.Build.0 = Release|Any CPU
		{381EA2AA-1644-4F94-AB97-DFBDBABA3767}.Release|x64.ActiveCfg = Release|Any CPU
		{381EA2AA-1644-4F94-AB97-DFBDBABA3767}.Release|x64.Build.0 = Release|Any CPU
		{381EA2AA-1644-4F94-AB97-DFBDBABA3767}.Release|x86.ActiveCfg = Release|Any CPU
		{381EA2AA-1644-4F94-AB97-DFBDBABA3767}.Release|x86.Build.0 = Release|Any CPU
		{F79A3FFA-5988-49CB-A6BB-15CB6125BFB3}.Debug|Any CPU.ActiveCfg = Debug|Any CPU
		{F79A3FFA-5988-49CB-A6BB-15CB6125BFB3}.Debug|Any CPU.Build.0 = Debug|Any CPU
		{F79A3FFA-5988-49CB-A6BB-15CB6125BFB3}.Debug|x64.ActiveCfg = Debug|Any CPU
		{F79A3FFA-5988-49CB-A6BB-15CB6125BFB3}.Debug|x64.Build.0 = Debug|Any CPU
		{F79A3FFA-5988-49CB-A6BB-15CB6125BFB3}.Debug|x86.ActiveCfg = Debug|Any CPU
		{F79A3FFA-5988-49CB-A6BB-15CB6125BFB3}.Debug|x86.Build.0 = Debug|Any CPU
		{F79A3FFA-5988-49CB-A6BB-15CB6125BFB3}.Release|Any CPU.ActiveCfg = Release|Any CPU
		{F79A3FFA-5988-49CB-A6BB-15CB6125BFB3}.Release|Any CPU.Build.0 = Release|Any CPU
		{F79A3FFA-5988-49CB-A6BB-15CB6125BFB3}.Release|x64.ActiveCfg = Release|Any CPU
		{F79A3FFA-5988-49CB-A6BB-15CB6125BFB3}.Release|x64.Build.0 = Release|Any CPU
		{F79A3FFA-5988-49CB-A6BB-15CB6125BFB3}.Release|x86.ActiveCfg = Release|Any CPU
		{F79A3FFA-5988-49CB-A6BB-15CB6125BFB3}.Release|x86.Build.0 = Release|Any CPU
		{F347E9CC-0085-4171-9921-322E29C9CE4A}.Debug|Any CPU.ActiveCfg = Debug|Any CPU
		{F347E9CC-0085-4171-9921-322E29C9CE4A}.Debug|Any CPU.Build.0 = Debug|Any CPU
		{F347E9CC-0085-4171-9921-322E29C9CE4A}.Debug|x64.ActiveCfg = Debug|Any CPU
		{F347E9CC-0085-4171-9921-322E29C9CE4A}.Debug|x64.Build.0 = Debug|Any CPU
		{F347E9CC-0085-4171-9921-322E29C9CE4A}.Debug|x86.ActiveCfg = Debug|Any CPU
		{F347E9CC-0085-4171-9921-322E29C9CE4A}.Debug|x86.Build.0 = Debug|Any CPU
		{F347E9CC-0085-4171-9921-322E29C9CE4A}.Release|Any CPU.ActiveCfg = Release|Any CPU
		{F347E9CC-0085-4171-9921-322E29C9CE4A}.Release|Any CPU.Build.0 = Release|Any CPU
		{F347E9CC-0085-4171-9921-322E29C9CE4A}.Release|x64.ActiveCfg = Release|Any CPU
		{F347E9CC-0085-4171-9921-322E29C9CE4A}.Release|x64.Build.0 = Release|Any CPU
		{F347E9CC-0085-4171-9921-322E29C9CE4A}.Release|x86.ActiveCfg = Release|Any CPU
		{F347E9CC-0085-4171-9921-322E29C9CE4A}.Release|x86.Build.0 = Release|Any CPU
		{6FD1EB28-CF47-4C06-AE71-8756DAF2F025}.Debug|Any CPU.ActiveCfg = Debug|Any CPU
		{6FD1EB28-CF47-4C06-AE71-8756DAF2F025}.Debug|Any CPU.Build.0 = Debug|Any CPU
		{6FD1EB28-CF47-4C06-AE71-8756DAF2F025}.Debug|x64.ActiveCfg = Debug|Any CPU
		{6FD1EB28-CF47-4C06-AE71-8756DAF2F025}.Debug|x64.Build.0 = Debug|Any CPU
		{6FD1EB28-CF47-4C06-AE71-8756DAF2F025}.Debug|x86.ActiveCfg = Debug|Any CPU
		{6FD1EB28-CF47-4C06-AE71-8756DAF2F025}.Debug|x86.Build.0 = Debug|Any CPU
		{6FD1EB28-CF47-4C06-AE71-8756DAF2F025}.Release|Any CPU.ActiveCfg = Release|Any CPU
		{6FD1EB28-CF47-4C06-AE71-8756DAF2F025}.Release|Any CPU.Build.0 = Release|Any CPU
		{6FD1EB28-CF47-4C06-AE71-8756DAF2F025}.Release|x64.ActiveCfg = Release|Any CPU
		{6FD1EB28-CF47-4C06-AE71-8756DAF2F025}.Release|x64.Build.0 = Release|Any CPU
		{6FD1EB28-CF47-4C06-AE71-8756DAF2F025}.Release|x86.ActiveCfg = Release|Any CPU
		{6FD1EB28-CF47-4C06-AE71-8756DAF2F025}.Release|x86.Build.0 = Release|Any CPU
		{9BDD8278-D111-4862-A50C-F0426372CEC7}.Debug|Any CPU.ActiveCfg = Debug|Any CPU
		{9BDD8278-D111-4862-A50C-F0426372CEC7}.Debug|Any CPU.Build.0 = Debug|Any CPU
		{9BDD8278-D111-4862-A50C-F0426372CEC7}.Debug|x64.ActiveCfg = Debug|Any CPU
		{9BDD8278-D111-4862-A50C-F0426372CEC7}.Debug|x64.Build.0 = Debug|Any CPU
		{9BDD8278-D111-4862-A50C-F0426372CEC7}.Debug|x86.ActiveCfg = Debug|Any CPU
		{9BDD8278-D111-4862-A50C-F0426372CEC7}.Debug|x86.Build.0 = Debug|Any CPU
		{9BDD8278-D111-4862-A50C-F0426372CEC7}.Release|Any CPU.ActiveCfg = Release|Any CPU
		{9BDD8278-D111-4862-A50C-F0426372CEC7}.Release|Any CPU.Build.0 = Release|Any CPU
		{9BDD8278-D111-4862-A50C-F0426372CEC7}.Release|x64.ActiveCfg = Release|Any CPU
		{9BDD8278-D111-4862-A50C-F0426372CEC7}.Release|x64.Build.0 = Release|Any CPU
		{9BDD8278-D111-4862-A50C-F0426372CEC7}.Release|x86.ActiveCfg = Release|Any CPU
		{9BDD8278-D111-4862-A50C-F0426372CEC7}.Release|x86.Build.0 = Release|Any CPU
		{E0177AD6-7BD3-4399-AD94-490F8A4AE133}.Debug|Any CPU.ActiveCfg = Debug|Any CPU
		{E0177AD6-7BD3-4399-AD94-490F8A4AE133}.Debug|Any CPU.Build.0 = Debug|Any CPU
		{E0177AD6-7BD3-4399-AD94-490F8A4AE133}.Debug|x64.ActiveCfg = Debug|Any CPU
		{E0177AD6-7BD3-4399-AD94-490F8A4AE133}.Debug|x64.Build.0 = Debug|Any CPU
		{E0177AD6-7BD3-4399-AD94-490F8A4AE133}.Debug|x86.ActiveCfg = Debug|Any CPU
		{E0177AD6-7BD3-4399-AD94-490F8A4AE133}.Debug|x86.Build.0 = Debug|Any CPU
		{E0177AD6-7BD3-4399-AD94-490F8A4AE133}.Release|Any CPU.ActiveCfg = Release|Any CPU
		{E0177AD6-7BD3-4399-AD94-490F8A4AE133}.Release|Any CPU.Build.0 = Release|Any CPU
		{E0177AD6-7BD3-4399-AD94-490F8A4AE133}.Release|x64.ActiveCfg = Release|Any CPU
		{E0177AD6-7BD3-4399-AD94-490F8A4AE133}.Release|x64.Build.0 = Release|Any CPU
		{E0177AD6-7BD3-4399-AD94-490F8A4AE133}.Release|x86.ActiveCfg = Release|Any CPU
		{E0177AD6-7BD3-4399-AD94-490F8A4AE133}.Release|x86.Build.0 = Release|Any CPU
		{55294270-E96B-4874-A081-1AF0890924AD}.Debug|Any CPU.ActiveCfg = Debug|Any CPU
		{55294270-E96B-4874-A081-1AF0890924AD}.Debug|Any CPU.Build.0 = Debug|Any CPU
		{55294270-E96B-4874-A081-1AF0890924AD}.Debug|x64.ActiveCfg = Debug|Any CPU
		{55294270-E96B-4874-A081-1AF0890924AD}.Debug|x64.Build.0 = Debug|Any CPU
		{55294270-E96B-4874-A081-1AF0890924AD}.Debug|x86.ActiveCfg = Debug|Any CPU
		{55294270-E96B-4874-A081-1AF0890924AD}.Debug|x86.Build.0 = Debug|Any CPU
		{55294270-E96B-4874-A081-1AF0890924AD}.Release|Any CPU.ActiveCfg = Release|Any CPU
		{55294270-E96B-4874-A081-1AF0890924AD}.Release|Any CPU.Build.0 = Release|Any CPU
		{55294270-E96B-4874-A081-1AF0890924AD}.Release|x64.ActiveCfg = Release|Any CPU
		{55294270-E96B-4874-A081-1AF0890924AD}.Release|x64.Build.0 = Release|Any CPU
		{55294270-E96B-4874-A081-1AF0890924AD}.Release|x86.ActiveCfg = Release|Any CPU
		{55294270-E96B-4874-A081-1AF0890924AD}.Release|x86.Build.0 = Release|Any CPU
		{7FA8C37E-571D-449A-97CB-6D40C536E69F}.Debug|Any CPU.ActiveCfg = Debug|Any CPU
		{7FA8C37E-571D-449A-97CB-6D40C536E69F}.Debug|Any CPU.Build.0 = Debug|Any CPU
		{7FA8C37E-571D-449A-97CB-6D40C536E69F}.Debug|x64.ActiveCfg = Debug|Any CPU
		{7FA8C37E-571D-449A-97CB-6D40C536E69F}.Debug|x64.Build.0 = Debug|Any CPU
		{7FA8C37E-571D-449A-97CB-6D40C536E69F}.Debug|x86.ActiveCfg = Debug|Any CPU
		{7FA8C37E-571D-449A-97CB-6D40C536E69F}.Debug|x86.Build.0 = Debug|Any CPU
		{7FA8C37E-571D-449A-97CB-6D40C536E69F}.Release|Any CPU.ActiveCfg = Release|Any CPU
		{7FA8C37E-571D-449A-97CB-6D40C536E69F}.Release|Any CPU.Build.0 = Release|Any CPU
		{7FA8C37E-571D-449A-97CB-6D40C536E69F}.Release|x64.ActiveCfg = Release|Any CPU
		{7FA8C37E-571D-449A-97CB-6D40C536E69F}.Release|x64.Build.0 = Release|Any CPU
		{7FA8C37E-571D-449A-97CB-6D40C536E69F}.Release|x86.ActiveCfg = Release|Any CPU
		{7FA8C37E-571D-449A-97CB-6D40C536E69F}.Release|x86.Build.0 = Release|Any CPU
		{579A0A82-5609-41B6-AFC8-B434180A7CFB}.Debug|Any CPU.ActiveCfg = Debug|Any CPU
		{579A0A82-5609-41B6-AFC8-B434180A7CFB}.Debug|Any CPU.Build.0 = Debug|Any CPU
		{579A0A82-5609-41B6-AFC8-B434180A7CFB}.Debug|x64.ActiveCfg = Debug|Any CPU
		{579A0A82-5609-41B6-AFC8-B434180A7CFB}.Debug|x64.Build.0 = Debug|Any CPU
		{579A0A82-5609-41B6-AFC8-B434180A7CFB}.Debug|x86.ActiveCfg = Debug|Any CPU
		{579A0A82-5609-41B6-AFC8-B434180A7CFB}.Debug|x86.Build.0 = Debug|Any CPU
		{579A0A82-5609-41B6-AFC8-B434180A7CFB}.Release|Any CPU.ActiveCfg = Release|Any CPU
		{579A0A82-5609-41B6-AFC8-B434180A7CFB}.Release|Any CPU.Build.0 = Release|Any CPU
		{579A0A82-5609-41B6-AFC8-B434180A7CFB}.Release|x64.ActiveCfg = Release|Any CPU
		{579A0A82-5609-41B6-AFC8-B434180A7CFB}.Release|x64.Build.0 = Release|Any CPU
		{579A0A82-5609-41B6-AFC8-B434180A7CFB}.Release|x86.ActiveCfg = Release|Any CPU
		{579A0A82-5609-41B6-AFC8-B434180A7CFB}.Release|x86.Build.0 = Release|Any CPU
	EndGlobalSection
	GlobalSection(SolutionProperties) = preSolution
		HideSolutionNode = FALSE
	EndGlobalSection
	GlobalSection(NestedProjects) = preSolution
		{554AD327-6DBA-4F8F-96F8-81CE7A0C863F} = {CA9AC87F-097E-4F15-8393-4BC07735A5B0}
		{1A94A50E-06DC-43C1-80B5-B662820EC3EB} = {CA9AC87F-097E-4F15-8393-4BC07735A5B0}
		{C956DD76-69C8-4A9C-83EA-D17DF83340FD} = {CA9AC87F-097E-4F15-8393-4BC07735A5B0}
		{50B2631D-129C-47B3-A587-029CCD6099BC} = {04DBDB01-70F4-4E06-B468-8F87850B22BE}
		{42F719ED-8413-4895-B5B4-5AB56079BC66} = {CA9AC87F-097E-4F15-8393-4BC07735A5B0}
		{520659C8-C734-4298-A3DA-B539DB9DFC0B} = {CA9AC87F-097E-4F15-8393-4BC07735A5B0}
		{4164BDF7-F527-4E85-9CE6-E3C2D7426A27} = {CA9AC87F-097E-4F15-8393-4BC07735A5B0}
		{3B5A0094-670D-4BB1-BFDD-61B88A8773DC} = {CA9AC87F-097E-4F15-8393-4BC07735A5B0}
		{1FE30EB9-74A9-47F5-A9F6-7B1FAB672D81} = {04DBDB01-70F4-4E06-B468-8F87850B22BE}
		{91853F21-9CD9-4132-BC29-A7D5D84FFFE7} = {04DBDB01-70F4-4E06-B468-8F87850B22BE}
		{E512F4D9-9375-480F-A2F6-A46509F9D824} = {04DBDB01-70F4-4E06-B468-8F87850B22BE}
		{EF480016-9127-4916-8735-D2466BDBC582} = {04DBDB01-70F4-4E06-B468-8F87850B22BE}
		{70680696-BB1E-4383-BCB2-42C3767171FB} = {CA9AC87F-097E-4F15-8393-4BC07735A5B0}
		{96E5259E-59A3-4FAF-BCD1-5BF8E74EF82C} = {CA9AC87F-097E-4F15-8393-4BC07735A5B0}
		{3139CAC8-1E43-37B5-3007-1BC13D97B002} = {CA253913-39DE-BFD0-C9A3-4B7EC6FBDF17}
		{99507FA2-38DF-4E47-A809-77B201DC85BD} = {3139CAC8-1E43-37B5-3007-1BC13D97B002}
		{6B8D897E-C64F-4AB6-9BDF-6794522EC86A} = {3139CAC8-1E43-37B5-3007-1BC13D97B002}
		{096B7F33-6DAB-44BF-B25C-5AF6999FB2A8} = {3139CAC8-1E43-37B5-3007-1BC13D97B002}
		{10E75ACE-1807-427E-AB81-528C6E8FD172} = {3139CAC8-1E43-37B5-3007-1BC13D97B002}
		{0FE1E764-F5E8-498F-B027-E7EB1D290233} = {3139CAC8-1E43-37B5-3007-1BC13D97B002}
		{CFB5D7B7-CDE8-4BB9-A926-970C6C2E991A} = {3139CAC8-1E43-37B5-3007-1BC13D97B002}
		{BFAFDA51-278E-4AF4-85DF-BE1DDC71A0B5} = {3139CAC8-1E43-37B5-3007-1BC13D97B002}
		{07527CFB-504C-49B1-86B3-0E0EF38F8A2B} = {3139CAC8-1E43-37B5-3007-1BC13D97B002}
		{381EA2AA-1644-4F94-AB97-DFBDBABA3767} = {3139CAC8-1E43-37B5-3007-1BC13D97B002}
		{F79A3FFA-5988-49CB-A6BB-15CB6125BFB3} = {3139CAC8-1E43-37B5-3007-1BC13D97B002}
		{F347E9CC-0085-4171-9921-322E29C9CE4A} = {3139CAC8-1E43-37B5-3007-1BC13D97B002}
		{6FD1EB28-CF47-4C06-AE71-8756DAF2F025} = {3139CAC8-1E43-37B5-3007-1BC13D97B002}
		{9BDD8278-D111-4862-A50C-F0426372CEC7} = {3139CAC8-1E43-37B5-3007-1BC13D97B002}
		{9539F295-ACDC-DBEC-B32F-14CC826404AA} = {04DBDB01-70F4-4E06-B468-8F87850B22BE}
		{E0177AD6-7BD3-4399-AD94-490F8A4AE133} = {9539F295-ACDC-DBEC-B32F-14CC826404AA}
		{55294270-E96B-4874-A081-1AF0890924AD} = {9539F295-ACDC-DBEC-B32F-14CC826404AA}
		{7FA8C37E-571D-449A-97CB-6D40C536E69F} = {9539F295-ACDC-DBEC-B32F-14CC826404AA}
		{579A0A82-5609-41B6-AFC8-B434180A7CFB} = {9539F295-ACDC-DBEC-B32F-14CC826404AA}
	EndGlobalSection
	GlobalSection(ExtensibilityGlobals) = postSolution
		SolutionGuid = {28315BFD-90E7-4E14-A2EA-F3D23AF4126F}
	EndGlobalSection
EndGlobal
